// !$*UTF8*$!
{
	archiveVersion = 1;
	classes = {
	};
	objectVersion = 55;
	objects = {

/* Begin PBXBuildFile section */
		AC918D502A92517200789F60 /* AirplaneBookingApp.swift in Sources */ = {isa = PBXBuildFile; fileRef = AC918D4F2A92517200789F60 /* AirplaneBookingApp.swift */; };
		AC918D522A92517200789F60 /* MainView.swift in Sources */ = {isa = PBXBuildFile; fileRef = AC918D512A92517200789F60 /* MainView.swift */; };
		AC918D572A92517300789F60 /* Preview Assets.xcassets in Resources */ = {isa = PBXBuildFile; fileRef = AC918D562A92517300789F60 /* Preview Assets.xcassets */; };
		AC918D602A92561800789F60 /* Assets.xcassets in Resources */ = {isa = PBXBuildFile; fileRef = AC918D5F2A92561800789F60 /* Assets.xcassets */; };
		AC918D622A92562900789F60 /* Color + EXT.swift in Sources */ = {isa = PBXBuildFile; fileRef = AC918D612A92562900789F60 /* Color + EXT.swift */; };
		AC918D642A92572F00789F60 /* Image + EXT.swift in Sources */ = {isa = PBXBuildFile; fileRef = AC918D632A92572F00789F60 /* Image + EXT.swift */; };
		AC918D682A92593A00789F60 /* HomeView.swift in Sources */ = {isa = PBXBuildFile; fileRef = AC918D672A92593A00789F60 /* HomeView.swift */; };
		AC918D6B2A92599200789F60 /* FlightHeaderView.swift in Sources */ = {isa = PBXBuildFile; fileRef = AC918D6A2A92599200789F60 /* FlightHeaderView.swift */; };
		AC918D6D2A925CD000789F60 /* FlightDetailsView.swift in Sources */ = {isa = PBXBuildFile; fileRef = AC918D6C2A925CD000789F60 /* FlightDetailsView.swift */; };
		AC918D712A92620F00789F60 /* PaymentCardView.swift in Sources */ = {isa = PBXBuildFile; fileRef = AC918D702A92620F00789F60 /* PaymentCardView.swift */; };
		AC918D742A92629200789F60 /* Card.swift in Sources */ = {isa = PBXBuildFile; fileRef = AC918D732A92629200789F60 /* Card.swift */; };
		AC918D762A92636200789F60 /* CardView.swift in Sources */ = {isa = PBXBuildFile; fileRef = AC918D752A92636200789F60 /* CardView.swift */; };
		AC918D792A92753800789F60 /* DetailView.swift in Sources */ = {isa = PBXBuildFile; fileRef = AC918D782A92753800789F60 /* DetailView.swift */; };
		AC918D7C2A92771200789F60 /* DetailHeaderView.swift in Sources */ = {isa = PBXBuildFile; fileRef = AC918D7B2A92771200789F60 /* DetailHeaderView.swift */; };
		ACE9A9E12A939B3D00FDA257 /* ContactInformationView.swift in Sources */ = {isa = PBXBuildFile; fileRef = ACE9A9E02A939B3D00FDA257 /* ContactInformationView.swift */; };
		ACE9A9E32A939EA700FDA257 /* InformationView.swift in Sources */ = {isa = PBXBuildFile; fileRef = ACE9A9E22A939EA700FDA257 /* InformationView.swift */; };
		ACE9A9E52A939EBB00FDA257 /* Information.swift in Sources */ = {isa = PBXBuildFile; fileRef = ACE9A9E42A939EBB00FDA257 /* Information.swift */; };
		ACE9A9E72A93A59300FDA257 /* ContactView.swift in Sources */ = {isa = PBXBuildFile; fileRef = ACE9A9E62A93A59300FDA257 /* ContactView.swift */; };
		ACE9A9E92A93A5BF00FDA257 /* User.swift in Sources */ = {isa = PBXBuildFile; fileRef = ACE9A9E82A93A5BF00FDA257 /* User.swift */; };
		ACE9A9EB2A93A76B00FDA257 /* HomeButtonView.swift in Sources */ = {isa = PBXBuildFile; fileRef = ACE9A9EA2A93A76B00FDA257 /* HomeButtonView.swift */; };
/* End PBXBuildFile section */

/* Begin PBXFileReference section */
		AC918D4C2A92517200789F60 /* AirplaneBooking.app */ = {isa = PBXFileReference; explicitFileType = wrapper.application; includeInIndex = 0; path = AirplaneBooking.app; sourceTree = BUILT_PRODUCTS_DIR; };
		AC918D4F2A92517200789F60 /* AirplaneBookingApp.swift */ = {isa = PBXFileReference; lastKnownFileType = sourcecode.swift; path = AirplaneBookingApp.swift; sourceTree = "<group>"; };
		AC918D512A92517200789F60 /* MainView.swift */ = {isa = PBXFileReference; lastKnownFileType = sourcecode.swift; path = MainView.swift; sourceTree = "<group>"; };
		AC918D562A92517300789F60 /* Preview Assets.xcassets */ = {isa = PBXFileReference; lastKnownFileType = folder.assetcatalog; path = "Preview Assets.xcassets"; sourceTree = "<group>"; };
		AC918D5F2A92561800789F60 /* Assets.xcassets */ = {isa = PBXFileReference; lastKnownFileType = folder.assetcatalog; path = Assets.xcassets; sourceTree = "<group>"; };
		AC918D612A92562900789F60 /* Color + EXT.swift */ = {isa = PBXFileReference; lastKnownFileType = sourcecode.swift; path = "Color + EXT.swift"; sourceTree = "<group>"; };
		AC918D632A92572F00789F60 /* Image + EXT.swift */ = {isa = PBXFileReference; lastKnownFileType = sourcecode.swift; path = "Image + EXT.swift"; sourceTree = "<group>"; };
		AC918D672A92593A00789F60 /* HomeView.swift */ = {isa = PBXFileReference; lastKnownFileType = sourcecode.swift; path = HomeView.swift; sourceTree = "<group>"; };
		AC918D6A2A92599200789F60 /* FlightHeaderView.swift */ = {isa = PBXFileReference; lastKnownFileType = sourcecode.swift; path = FlightHeaderView.swift; sourceTree = "<group>"; };
		AC918D6C2A925CD000789F60 /* FlightDetailsView.swift */ = {isa = PBXFileReference; lastKnownFileType = sourcecode.swift; path = FlightDetailsView.swift; sourceTree = "<group>"; };
		AC918D702A92620F00789F60 /* PaymentCardView.swift */ = {isa = PBXFileReference; lastKnownFileType = sourcecode.swift; path = PaymentCardView.swift; sourceTree = "<group>"; };
		AC918D732A92629200789F60 /* Card.swift */ = {isa = PBXFileReference; lastKnownFileType = sourcecode.swift; path = Card.swift; sourceTree = "<group>"; };
		AC918D752A92636200789F60 /* CardView.swift */ = {isa = PBXFileReference; lastKnownFileType = sourcecode.swift; path = CardView.swift; sourceTree = "<group>"; };
		AC918D782A92753800789F60 /* DetailView.swift */ = {isa = PBXFileReference; lastKnownFileType = sourcecode.swift; path = DetailView.swift; sourceTree = "<group>"; };
		AC918D7B2A92771200789F60 /* DetailHeaderView.swift */ = {isa = PBXFileReference; lastKnownFileType = sourcecode.swift; path = DetailHeaderView.swift; sourceTree = "<group>"; };
		ACE9A9E02A939B3D00FDA257 /* ContactInformationView.swift */ = {isa = PBXFileReference; lastKnownFileType = sourcecode.swift; path = ContactInformationView.swift; sourceTree = "<group>"; };
		ACE9A9E22A939EA700FDA257 /* InformationView.swift */ = {isa = PBXFileReference; lastKnownFileType = sourcecode.swift; path = InformationView.swift; sourceTree = "<group>"; };
		ACE9A9E42A939EBB00FDA257 /* Information.swift */ = {isa = PBXFileReference; lastKnownFileType = sourcecode.swift; path = Information.swift; sourceTree = "<group>"; };
		ACE9A9E62A93A59300FDA257 /* ContactView.swift */ = {isa = PBXFileReference; lastKnownFileType = sourcecode.swift; path = ContactView.swift; sourceTree = "<group>"; };
		ACE9A9E82A93A5BF00FDA257 /* User.swift */ = {isa = PBXFileReference; lastKnownFileType = sourcecode.swift; path = User.swift; sourceTree = "<group>"; };
		ACE9A9EA2A93A76B00FDA257 /* HomeButtonView.swift */ = {isa = PBXFileReference; lastKnownFileType = sourcecode.swift; path = HomeButtonView.swift; sourceTree = "<group>"; };
/* End PBXFileReference section */

/* Begin PBXFrameworksBuildPhase section */
		AC918D492A92517200789F60 /* Frameworks */ = {
			isa = PBXFrameworksBuildPhase;
			buildActionMask = 2147483647;
			files = (
			);
			runOnlyForDeploymentPostprocessing = 0;
		};
/* End PBXFrameworksBuildPhase section */

/* Begin PBXGroup section */
		AC918D432A92517200789F60 = {
			isa = PBXGroup;
			children = (
				AC918D4E2A92517200789F60 /* AirplaneBooking */,
				AC918D4D2A92517200789F60 /* Products */,
			);
			sourceTree = "<group>";
		};
		AC918D4D2A92517200789F60 /* Products */ = {
			isa = PBXGroup;
			children = (
				AC918D4C2A92517200789F60 /* AirplaneBooking.app */,
			);
			name = Products;
			sourceTree = "<group>";
		};
		AC918D4E2A92517200789F60 /* AirplaneBooking */ = {
			isa = PBXGroup;
			children = (
				AC918D4F2A92517200789F60 /* AirplaneBookingApp.swift */,
				AC918D5E2A92560400789F60 /* Extension */,
				AC918D722A92628900789F60 /* Model */,
				AC918D692A92598700789F60 /* Components */,
				AC918D5D2A9255FD00789F60 /* Modules */,
				AC918D5F2A92561800789F60 /* Assets.xcassets */,
				AC918D552A92517300789F60 /* Preview Content */,
			);
			path = AirplaneBooking;
			sourceTree = "<group>";
		};
		AC918D552A92517300789F60 /* Preview Content */ = {
			isa = PBXGroup;
			children = (
				AC918D562A92517300789F60 /* Preview Assets.xcassets */,
			);
			path = "Preview Content";
			sourceTree = "<group>";
		};
		AC918D5D2A9255FD00789F60 /* Modules */ = {
			isa = PBXGroup;
			children = (
				AC918D772A92753000789F60 /* Detail */,
				AC918D662A9258B700789F60 /* Home */,
				AC918D652A9258AB00789F60 /* Main */,
			);
			path = Modules;
			sourceTree = "<group>";
		};
		AC918D5E2A92560400789F60 /* Extension */ = {
			isa = PBXGroup;
			children = (
				AC918D612A92562900789F60 /* Color + EXT.swift */,
				AC918D632A92572F00789F60 /* Image + EXT.swift */,
			);
			path = Extension;
			sourceTree = "<group>";
		};
		AC918D652A9258AB00789F60 /* Main */ = {
			isa = PBXGroup;
			children = (
				AC918D512A92517200789F60 /* MainView.swift */,
			);
			path = Main;
			sourceTree = "<group>";
		};
		AC918D662A9258B700789F60 /* Home */ = {
			isa = PBXGroup;
			children = (
				AC918D672A92593A00789F60 /* HomeView.swift */,
			);
			path = Home;
			sourceTree = "<group>";
		};
		AC918D692A92598700789F60 /* Components */ = {
			isa = PBXGroup;
			children = (
				AC918D6E2A9261F900789F60 /* HeaderView */,
				AC918D6F2A92620000789F60 /* CardView */,
				AC918D7A2A9276FE00789F60 /* DetailHeaderView */,
				ACE9A9DF2A939B2C00FDA257 /* ContactView */,
			);
			path = Components;
			sourceTree = "<group>";
		};
		AC918D6E2A9261F900789F60 /* HeaderView */ = {
			isa = PBXGroup;
			children = (
				AC918D6A2A92599200789F60 /* FlightHeaderView.swift */,
				AC918D6C2A925CD000789F60 /* FlightDetailsView.swift */,
			);
			path = HeaderView;
			sourceTree = "<group>";
		};
		AC918D6F2A92620000789F60 /* CardView */ = {
			isa = PBXGroup;
			children = (
				AC918D702A92620F00789F60 /* PaymentCardView.swift */,
				AC918D752A92636200789F60 /* CardView.swift */,
			);
			path = CardView;
			sourceTree = "<group>";
		};
		AC918D722A92628900789F60 /* Model */ = {
			isa = PBXGroup;
			children = (
				AC918D732A92629200789F60 /* Card.swift */,
				ACE9A9E82A93A5BF00FDA257 /* User.swift */,
				ACE9A9E42A939EBB00FDA257 /* Information.swift */,
			);
			path = Model;
			sourceTree = "<group>";
		};
		AC918D772A92753000789F60 /* Detail */ = {
			isa = PBXGroup;
			children = (
				AC918D782A92753800789F60 /* DetailView.swift */,
			);
			path = Detail;
			sourceTree = "<group>";
		};
		AC918D7A2A9276FE00789F60 /* DetailHeaderView */ = {
			isa = PBXGroup;
			children = (
				AC918D7B2A92771200789F60 /* DetailHeaderView.swift */,
			);
			path = DetailHeaderView;
			sourceTree = "<group>";
		};
		ACE9A9DF2A939B2C00FDA257 /* ContactView */ = {
			isa = PBXGroup;
			children = (
				ACE9A9E02A939B3D00FDA257 /* ContactInformationView.swift */,
				ACE9A9E22A939EA700FDA257 /* InformationView.swift */,
				ACE9A9E62A93A59300FDA257 /* ContactView.swift */,
				ACE9A9EA2A93A76B00FDA257 /* HomeButtonView.swift */,
			);
			path = ContactView;
			sourceTree = "<group>";
		};
/* End PBXGroup section */

/* Begin PBXNativeTarget section */
		AC918D4B2A92517200789F60 /* AirplaneBooking */ = {
			isa = PBXNativeTarget;
			buildConfigurationList = AC918D5A2A92517300789F60 /* Build configuration list for PBXNativeTarget "AirplaneBooking" */;
			buildPhases = (
				AC918D482A92517200789F60 /* Sources */,
				AC918D492A92517200789F60 /* Frameworks */,
				AC918D4A2A92517200789F60 /* Resources */,
			);
			buildRules = (
			);
			dependencies = (
			);
			name = AirplaneBooking;
			productName = AirplaneBooking;
			productReference = AC918D4C2A92517200789F60 /* AirplaneBooking.app */;
			productType = "com.apple.product-type.application";
		};
/* End PBXNativeTarget section */

/* Begin PBXProject section */
		AC918D442A92517200789F60 /* Project object */ = {
			isa = PBXProject;
			attributes = {
				BuildIndependentTargetsInParallel = 1;
				LastSwiftUpdateCheck = 1430;
				LastUpgradeCheck = 1430;
				TargetAttributes = {
					AC918D4B2A92517200789F60 = {
						CreatedOnToolsVersion = 14.3;
					};
				};
			};
			buildConfigurationList = AC918D472A92517200789F60 /* Build configuration list for PBXProject "AirplaneBooking" */;
			compatibilityVersion = "Xcode 13.0";
			developmentRegion = en;
			hasScannedForEncodings = 0;
			knownRegions = (
				en,
				Base,
			);
			mainGroup = AC918D432A92517200789F60;
			productRefGroup = AC918D4D2A92517200789F60 /* Products */;
			projectDirPath = "";
			projectRoot = "";
			targets = (
				AC918D4B2A92517200789F60 /* AirplaneBooking */,
			);
		};
/* End PBXProject section */

/* Begin PBXResourcesBuildPhase section */
		AC918D4A2A92517200789F60 /* Resources */ = {
			isa = PBXResourcesBuildPhase;
			buildActionMask = 2147483647;
			files = (
				AC918D602A92561800789F60 /* Assets.xcassets in Resources */,
				AC918D572A92517300789F60 /* Preview Assets.xcassets in Resources */,
			);
			runOnlyForDeploymentPostprocessing = 0;
		};
/* End PBXResourcesBuildPhase section */

/* Begin PBXSourcesBuildPhase section */
		AC918D482A92517200789F60 /* Sources */ = {
			isa = PBXSourcesBuildPhase;
			buildActionMask = 2147483647;
			files = (
				AC918D522A92517200789F60 /* MainView.swift in Sources */,
				AC918D742A92629200789F60 /* Card.swift in Sources */,
				AC918D6B2A92599200789F60 /* FlightHeaderView.swift in Sources */,
				ACE9A9E72A93A59300FDA257 /* ContactView.swift in Sources */,
				ACE9A9E52A939EBB00FDA257 /* Information.swift in Sources */,
				AC918D502A92517200789F60 /* AirplaneBookingApp.swift in Sources */,
				ACE9A9E12A939B3D00FDA257 /* ContactInformationView.swift in Sources */,
				ACE9A9E92A93A5BF00FDA257 /* User.swift in Sources */,
				AC918D762A92636200789F60 /* CardView.swift in Sources */,
				AC918D792A92753800789F60 /* DetailView.swift in Sources */,
				ACE9A9E32A939EA700FDA257 /* InformationView.swift in Sources */,
				AC918D712A92620F00789F60 /* PaymentCardView.swift in Sources */,
				AC918D622A92562900789F60 /* Color + EXT.swift in Sources */,
				ACE9A9EB2A93A76B00FDA257 /* HomeButtonView.swift in Sources */,
				AC918D7C2A92771200789F60 /* DetailHeaderView.swift in Sources */,
				AC918D682A92593A00789F60 /* HomeView.swift in Sources */,
				AC918D642A92572F00789F60 /* Image + EXT.swift in Sources */,
				AC918D6D2A925CD000789F60 /* FlightDetailsView.swift in Sources */,
			);
			runOnlyForDeploymentPostprocessing = 0;
		};
/* End PBXSourcesBuildPhase section */

/* Begin XCBuildConfiguration section */
		AC918D582A92517300789F60 /* Debug */ = {
			isa = XCBuildConfiguration;
			buildSettings = {
				ALWAYS_SEARCH_USER_PATHS = NO;
				CLANG_ANALYZER_NONNULL = YES;
				CLANG_ANALYZER_NUMBER_OBJECT_CONVERSION = YES_AGGRESSIVE;
				CLANG_CXX_LANGUAGE_STANDARD = "gnu++20";
				CLANG_ENABLE_MODULES = YES;
				CLANG_ENABLE_OBJC_ARC = YES;
				CLANG_ENABLE_OBJC_WEAK = YES;
				CLANG_WARN_BLOCK_CAPTURE_AUTORELEASING = YES;
				CLANG_WARN_BOOL_CONVERSION = YES;
				CLANG_WARN_COMMA = YES;
				CLANG_WARN_CONSTANT_CONVERSION = YES;
				CLANG_WARN_DEPRECATED_OBJC_IMPLEMENTATIONS = YES;
				CLANG_WARN_DIRECT_OBJC_ISA_USAGE = YES_ERROR;
				CLANG_WARN_DOCUMENTATION_COMMENTS = YES;
				CLANG_WARN_EMPTY_BODY = YES;
				CLANG_WARN_ENUM_CONVERSION = YES;
				CLANG_WARN_INFINITE_RECURSION = YES;
				CLANG_WARN_INT_CONVERSION = YES;
				CLANG_WARN_NON_LITERAL_NULL_CONVERSION = YES;
				CLANG_WARN_OBJC_IMPLICIT_RETAIN_SELF = YES;
				CLANG_WARN_OBJC_LITERAL_CONVERSION = YES;
				CLANG_WARN_OBJC_ROOT_CLASS = YES_ERROR;
				CLANG_WARN_QUOTED_INCLUDE_IN_FRAMEWORK_HEADER = YES;
				CLANG_WARN_RANGE_LOOP_ANALYSIS = YES;
				CLANG_WARN_STRICT_PROTOTYPES = YES;
				CLANG_WARN_SUSPICIOUS_MOVE = YES;
				CLANG_WARN_UNGUARDED_AVAILABILITY = YES_AGGRESSIVE;
				CLANG_WARN_UNREACHABLE_CODE = YES;
				CLANG_WARN__DUPLICATE_METHOD_MATCH = YES;
				COPY_PHASE_STRIP = NO;
				DEBUG_INFORMATION_FORMAT = dwarf;
				ENABLE_STRICT_OBJC_MSGSEND = YES;
				ENABLE_TESTABILITY = YES;
				GCC_C_LANGUAGE_STANDARD = gnu11;
				GCC_DYNAMIC_NO_PIC = NO;
				GCC_NO_COMMON_BLOCKS = YES;
				GCC_OPTIMIZATION_LEVEL = 0;
				GCC_PREPROCESSOR_DEFINITIONS = (
					"DEBUG=1",
					"$(inherited)",
				);
				GCC_WARN_64_TO_32_BIT_CONVERSION = YES;
				GCC_WARN_ABOUT_RETURN_TYPE = YES_ERROR;
				GCC_WARN_UNDECLARED_SELECTOR = YES;
				GCC_WARN_UNINITIALIZED_AUTOS = YES_AGGRESSIVE;
				GCC_WARN_UNUSED_FUNCTION = YES;
				GCC_WARN_UNUSED_VARIABLE = YES;
				IPHONEOS_DEPLOYMENT_TARGET = 14.0;
				MTL_ENABLE_DEBUG_INFO = INCLUDE_SOURCE;
				MTL_FAST_MATH = YES;
				ONLY_ACTIVE_ARCH = YES;
				SDKROOT = iphoneos;
				SWIFT_ACTIVE_COMPILATION_CONDITIONS = DEBUG;
				SWIFT_OPTIMIZATION_LEVEL = "-Onone";
			};
			name = Debug;
		};
		AC918D592A92517300789F60 /* Release */ = {
			isa = XCBuildConfiguration;
			buildSettings = {
				ALWAYS_SEARCH_USER_PATHS = NO;
				CLANG_ANALYZER_NONNULL = YES;
				CLANG_ANALYZER_NUMBER_OBJECT_CONVERSION = YES_AGGRESSIVE;
				CLANG_CXX_LANGUAGE_STANDARD = "gnu++20";
				CLANG_ENABLE_MODULES = YES;
				CLANG_ENABLE_OBJC_ARC = YES;
				CLANG_ENABLE_OBJC_WEAK = YES;
				CLANG_WARN_BLOCK_CAPTURE_AUTORELEASING = YES;
				CLANG_WARN_BOOL_CONVERSION = YES;
				CLANG_WARN_COMMA = YES;
				CLANG_WARN_CONSTANT_CONVERSION = YES;
				CLANG_WARN_DEPRECATED_OBJC_IMPLEMENTATIONS = YES;
				CLANG_WARN_DIRECT_OBJC_ISA_USAGE = YES_ERROR;
				CLANG_WARN_DOCUMENTATION_COMMENTS = YES;
				CLANG_WARN_EMPTY_BODY = YES;
				CLANG_WARN_ENUM_CONVERSION = YES;
				CLANG_WARN_INFINITE_RECURSION = YES;
				CLANG_WARN_INT_CONVERSION = YES;
				CLANG_WARN_NON_LITERAL_NULL_CONVERSION = YES;
				CLANG_WARN_OBJC_IMPLICIT_RETAIN_SELF = YES;
				CLANG_WARN_OBJC_LITERAL_CONVERSION = YES;
				CLANG_WARN_OBJC_ROOT_CLASS = YES_ERROR;
				CLANG_WARN_QUOTED_INCLUDE_IN_FRAMEWORK_HEADER = YES;
				CLANG_WARN_RANGE_LOOP_ANALYSIS = YES;
				CLANG_WARN_STRICT_PROTOTYPES = YES;
				CLANG_WARN_SUSPICIOUS_MOVE = YES;
				CLANG_WARN_UNGUARDED_AVAILABILITY = YES_AGGRESSIVE;
				CLANG_WARN_UNREACHABLE_CODE = YES;
				CLANG_WARN__DUPLICATE_METHOD_MATCH = YES;
				COPY_PHASE_STRIP = NO;
				DEBUG_INFORMATION_FORMAT = "dwarf-with-dsym";
				ENABLE_NS_ASSERTIONS = NO;
				ENABLE_STRICT_OBJC_MSGSEND = YES;
				GCC_C_LANGUAGE_STANDARD = gnu11;
				GCC_NO_COMMON_BLOCKS = YES;
				GCC_WARN_64_TO_32_BIT_CONVERSION = YES;
				GCC_WARN_ABOUT_RETURN_TYPE = YES_ERROR;
				GCC_WARN_UNDECLARED_SELECTOR = YES;
				GCC_WARN_UNINITIALIZED_AUTOS = YES_AGGRESSIVE;
				GCC_WARN_UNUSED_FUNCTION = YES;
				GCC_WARN_UNUSED_VARIABLE = YES;
				IPHONEOS_DEPLOYMENT_TARGET = 14.0;
				MTL_ENABLE_DEBUG_INFO = NO;
				MTL_FAST_MATH = YES;
				SDKROOT = iphoneos;
				SWIFT_COMPILATION_MODE = wholemodule;
				SWIFT_OPTIMIZATION_LEVEL = "-O";
				VALIDATE_PRODUCT = YES;
			};
			name = Release;
		};
		AC918D5B2A92517300789F60 /* Debug */ = {
			isa = XCBuildConfiguration;
			buildSettings = {
				ASSETCATALOG_COMPILER_APPICON_NAME = AppIcon;
				ASSETCATALOG_COMPILER_GLOBAL_ACCENT_COLOR_NAME = AccentColor;
				CODE_SIGN_STYLE = Automatic;
				CURRENT_PROJECT_VERSION = 1;
				DEVELOPMENT_ASSET_PATHS = "\"AirplaneBooking/Preview Content\"";
				DEVELOPMENT_TEAM = M4SYRBQBFW;
				ENABLE_PREVIEWS = YES;
				GENERATE_INFOPLIST_FILE = YES;
				INFOPLIST_KEY_UIApplicationSceneManifest_Generation = YES;
				INFOPLIST_KEY_UIApplicationSupportsIndirectInputEvents = YES;
				INFOPLIST_KEY_UILaunchScreen_Generation = YES;
				INFOPLIST_KEY_UISupportedInterfaceOrientations = UIInterfaceOrientationPortrait;
				IPHONEOS_DEPLOYMENT_TARGET = 16.0;
				LD_RUNPATH_SEARCH_PATHS = (
					"$(inherited)",
					"@executable_path/Frameworks",
				);
				MARKETING_VERSION = 1.0;
				PRODUCT_BUNDLE_IDENTIFIER = com.AhmedAmin.AirplaneBooking;
				PRODUCT_NAME = "$(TARGET_NAME)";
				SWIFT_EMIT_LOC_STRINGS = YES;
				SWIFT_VERSION = 5.0;
				TARGETED_DEVICE_FAMILY = "1,2";
			};
			name = Debug;
		};
		AC918D5C2A92517300789F60 /* Release */ = {
			isa = XCBuildConfiguration;
			buildSettings = {
				ASSETCATALOG_COMPILER_APPICON_NAME = AppIcon;
				ASSETCATALOG_COMPILER_GLOBAL_ACCENT_COLOR_NAME = AccentColor;
				CODE_SIGN_STYLE = Automatic;
				CURRENT_PROJECT_VERSION = 1;
				DEVELOPMENT_ASSET_PATHS = "\"AirplaneBooking/Preview Content\"";
				DEVELOPMENT_TEAM = M4SYRBQBFW;
				ENABLE_PREVIEWS = YES;
				GENERATE_INFOPLIST_FILE = YES;
				INFOPLIST_KEY_UIApplicationSceneManifest_Generation = YES;
				INFOPLIST_KEY_UIApplicationSupportsIndirectInputEvents = YES;
				INFOPLIST_KEY_UILaunchScreen_Generation = YES;
				INFOPLIST_KEY_UISupportedInterfaceOrientations = UIInterfaceOrientationPortrait;
				IPHONEOS_DEPLOYMENT_TARGET = 16.0;
				LD_RUNPATH_SEARCH_PATHS = (
					"$(inherited)",
					"@executable_path/Frameworks",
				);
				MARKETING_VERSION = 1.0;
				PRODUCT_BUNDLE_IDENTIFIER = com.AhmedAmin.AirplaneBooking;
				PRODUCT_NAME = "$(TARGET_NAME)";
				SWIFT_EMIT_LOC_STRINGS = YES;
				SWIFT_VERSION = 5.0;
				TARGETED_DEVICE_FAMILY = "1,2";
			};
			name = Release;
		};
/* End XCBuildConfiguration section */

/* Begin XCConfigurationList section */
		AC918D472A92517200789F60 /* Build configuration list for PBXProject "AirplaneBooking" */ = {
			isa = XCConfigurationList;
			buildConfigurations = (
				AC918D582A92517300789F60 /* Debug */,
				AC918D592A92517300789F60 /* Release */,
			);
			defaultConfigurationIsVisible = 0;
			defaultConfigurationName = Release;
		};
		AC918D5A2A92517300789F60 /* Build configuration list for PBXNativeTarget "AirplaneBooking" */ = {
			isa = XCConfigurationList;
			buildConfigurations = (
				AC918D5B2A92517300789F60 /* Debug */,
				AC918D5C2A92517300789F60 /* Release */,
			);
			defaultConfigurationIsVisible = 0;
			defaultConfigurationName = Release;
		};
/* End XCConfigurationList section */
	};
	rootObject = AC918D442A92517200789F60 /* Project object */;
}
